// !$*UTF8*$!
{
	archiveVersion = 1;
	classes = {
	};
	objectVersion = 46;
	objects = {

/* Begin PBXBuildFile section */
		1504D9F015435D0000292F4A /* NSObject+SBJSON.m in Sources */ = {isa = PBXBuildFile; fileRef = 1504D9E515435D0000292F4A /* NSObject+SBJSON.m */; };
		1504D9F115435D0000292F4A /* NSString+SBJSON.m in Sources */ = {isa = PBXBuildFile; fileRef = 1504D9E715435D0000292F4A /* NSString+SBJSON.m */; };
		1504D9F215435D0000292F4A /* SBJSON.m in Sources */ = {isa = PBXBuildFile; fileRef = 1504D9E915435D0000292F4A /* SBJSON.m */; };
		1504D9F315435D0000292F4A /* SBJsonBase.m in Sources */ = {isa = PBXBuildFile; fileRef = 1504D9EB15435D0000292F4A /* SBJsonBase.m */; };
		1504D9F415435D0000292F4A /* SBJsonParser.m in Sources */ = {isa = PBXBuildFile; fileRef = 1504D9ED15435D0000292F4A /* SBJsonParser.m */; };
		1504D9F515435D0000292F4A /* SBJsonWriter.m in Sources */ = {isa = PBXBuildFile; fileRef = 1504D9EF15435D0000292F4A /* SBJsonWriter.m */; };
		1569D57415432DDA003C5445 /* XMLReader.m in Sources */ = {isa = PBXBuildFile; fileRef = 1569D57215432DDA003C5445 /* XMLReader.m */; };
		1569D594154332E1003C5445 /* ASIAuthenticationDialog.m in Sources */ = {isa = PBXBuildFile; fileRef = 1569D57F154332E1003C5445 /* ASIAuthenticationDialog.m */; };
		1569D595154332E1003C5445 /* ASIDataCompressor.m in Sources */ = {isa = PBXBuildFile; fileRef = 1569D582154332E1003C5445 /* ASIDataCompressor.m */; };
		1569D596154332E1003C5445 /* ASIDataDecompressor.m in Sources */ = {isa = PBXBuildFile; fileRef = 1569D584154332E1003C5445 /* ASIDataDecompressor.m */; };
		1569D597154332E1003C5445 /* ASIDownloadCache.m in Sources */ = {isa = PBXBuildFile; fileRef = 1569D586154332E1003C5445 /* ASIDownloadCache.m */; };
		1569D598154332E1003C5445 /* ASIFormDataRequest.m in Sources */ = {isa = PBXBuildFile; fileRef = 1569D588154332E1003C5445 /* ASIFormDataRequest.m */; };
		1569D599154332E1003C5445 /* ASIHTTPRequest.m in Sources */ = {isa = PBXBuildFile; fileRef = 1569D58A154332E1003C5445 /* ASIHTTPRequest.m */; };
		1569D59A154332E1003C5445 /* ASIInputStream.m in Sources */ = {isa = PBXBuildFile; fileRef = 1569D58E154332E1003C5445 /* ASIInputStream.m */; };
		1569D59B154332E1003C5445 /* ASINetworkQueue.m in Sources */ = {isa = PBXBuildFile; fileRef = 1569D590154332E1003C5445 /* ASINetworkQueue.m */; };
		1569D59C154332E1003C5445 /* Reachability.m in Sources */ = {isa = PBXBuildFile; fileRef = 1569D593154332E1003C5445 /* Reachability.m */; };
		1569D59F15433319003C5445 /* CFNetwork.framework in Frameworks */ = {isa = PBXBuildFile; fileRef = 1569D59E15433319003C5445 /* CFNetwork.framework */; };
		1569D5A1154333A7003C5445 /* SystemConfiguration.framework in Frameworks */ = {isa = PBXBuildFile; fileRef = 1569D5A0154333A7003C5445 /* SystemConfiguration.framework */; };
		1569D5A3154333B1003C5445 /* MobileCoreServices.framework in Frameworks */ = {isa = PBXBuildFile; fileRef = 1569D5A2154333B1003C5445 /* MobileCoreServices.framework */; };
		1569D5A5154333C8003C5445 /* libz.dylib in Frameworks */ = {isa = PBXBuildFile; fileRef = 1569D5A4154333C8003C5445 /* libz.dylib */; };
		1569D5B4154339AB003C5445 /* WMSpot.m in Sources */ = {isa = PBXBuildFile; fileRef = 1569D5B3154339AB003C5445 /* WMSpot.m */; };
		1590E05F1543A6CA005CA0A8 /* Facebook.m in Sources */ = {isa = PBXBuildFile; fileRef = 1590E0541543A6CA005CA0A8 /* Facebook.m */; };
		1590E0601543A6CA005CA0A8 /* FBDialog.bundle in Resources */ = {isa = PBXBuildFile; fileRef = 1590E0561543A6CA005CA0A8 /* FBDialog.bundle */; };
		1590E0611543A6CA005CA0A8 /* FBDialog.m in Sources */ = {isa = PBXBuildFile; fileRef = 1590E0581543A6CA005CA0A8 /* FBDialog.m */; };
		1590E0621543A6CA005CA0A8 /* FBFrictionlessRequestSettings.m in Sources */ = {isa = PBXBuildFile; fileRef = 1590E05A1543A6CA005CA0A8 /* FBFrictionlessRequestSettings.m */; };
		1590E0631543A6CA005CA0A8 /* FBLoginDialog.m in Sources */ = {isa = PBXBuildFile; fileRef = 1590E05C1543A6CA005CA0A8 /* FBLoginDialog.m */; };
		1590E0641543A6CA005CA0A8 /* FBRequest.m in Sources */ = {isa = PBXBuildFile; fileRef = 1590E05E1543A6CA005CA0A8 /* FBRequest.m */; };
		18709D58154355A300AA5EC2 /* WMOfflineMapView.m in Sources */ = {isa = PBXBuildFile; fileRef = 18709D57154355A300AA5EC2 /* WMOfflineMapView.m */; };
		18709D5C154355BC00AA5EC2 /* WMSpotView.m in Sources */ = {isa = PBXBuildFile; fileRef = 18709D5B154355BC00AA5EC2 /* WMSpotView.m */; };
		18709D5F15435B6300AA5EC2 /* WMOfflineMapData.m in Sources */ = {isa = PBXBuildFile; fileRef = 18709D5E15435B6300AA5EC2 /* WMOfflineMapData.m */; };
		18709D6215435B9100AA5EC2 /* WMSpotData.m in Sources */ = {isa = PBXBuildFile; fileRef = 18709D6115435B9000AA5EC2 /* WMSpotData.m */; };
		18709D761543831D00AA5EC2 /* Entitlements.plist in Resources */ = {isa = PBXBuildFile; fileRef = 18709D751543831D00AA5EC2 /* Entitlements.plist */; };
		18709D851543C45C00AA5EC2 /* WMMapDataSource.m in Sources */ = {isa = PBXBuildFile; fileRef = 18709D841543C45C00AA5EC2 /* WMMapDataSource.m */; };
		18C2ABDB15433265002016B4 /* WMMapView.m in Sources */ = {isa = PBXBuildFile; fileRef = 18C2ABDA15433265002016B4 /* WMMapView.m */; };
		18C2ABDD1543371A002016B4 /* WMMapView.xib in Resources */ = {isa = PBXBuildFile; fileRef = 18C2ABDC1543371A002016B4 /* WMMapView.xib */; };
		18C2ABFA15434583002016B4 /* WMMapViewOfflineOverlay.m in Sources */ = {isa = PBXBuildFile; fileRef = 18C2ABF715434583002016B4 /* WMMapViewOfflineOverlay.m */; };
		18C2ABFE15434BFC002016B4 /* WMMapViewSpotsAnnotation.m in Sources */ = {isa = PBXBuildFile; fileRef = 18C2ABFD15434BFC002016B4 /* WMMapViewSpotsAnnotation.m */; };
		B22D35FB154330A30023A8E6 /* MapKit.framework in Frameworks */ = {isa = PBXBuildFile; fileRef = B22D35FA154330A30023A8E6 /* MapKit.framework */; };
		B240126D154361D30010EA75 /* CoreData.framework in Frameworks */ = {isa = PBXBuildFile; fileRef = B240126C154361D30010EA75 /* CoreData.framework */; };
		B26CF63D1543AC8E003799E5 /* icon.png in Resources */ = {isa = PBXBuildFile; fileRef = B26CF63C1543AC8E003799E5 /* icon.png */; };
		B26CF6431543B96E003799E5 /* WMUpdateSpotViewController.m in Sources */ = {isa = PBXBuildFile; fileRef = B26CF6421543B96E003799E5 /* WMUpdateSpotViewController.m */; };
		B26CF6451543BD2E003799E5 /* UpdateSpotView.xib in Resources */ = {isa = PBXBuildFile; fileRef = B26CF6441543BD2E003799E5 /* UpdateSpotView.xib */; };
		B26CF6471543C2EF003799E5 /* edit.png in Resources */ = {isa = PBXBuildFile; fileRef = B26CF6461543C2EF003799E5 /* edit.png */; };
		B26CF64D1543C764003799E5 /* pin.png in Resources */ = {isa = PBXBuildFile; fileRef = B26CF64C1543C764003799E5 /* pin.png */; };
		B2C36D5A15430D4500B30A36 /* UIKit.framework in Frameworks */ = {isa = PBXBuildFile; fileRef = B2C36D5915430D4500B30A36 /* UIKit.framework */; };
		B2C36D5C15430D4500B30A36 /* Foundation.framework in Frameworks */ = {isa = PBXBuildFile; fileRef = B2C36D5B15430D4500B30A36 /* Foundation.framework */; };
		B2C36D5E15430D4500B30A36 /* CoreGraphics.framework in Frameworks */ = {isa = PBXBuildFile; fileRef = B2C36D5D15430D4500B30A36 /* CoreGraphics.framework */; };
		B2C36D6415430D4500B30A36 /* InfoPlist.strings in Resources */ = {isa = PBXBuildFile; fileRef = B2C36D6215430D4500B30A36 /* InfoPlist.strings */; };
		B2C36D6615430D4500B30A36 /* main.m in Sources */ = {isa = PBXBuildFile; fileRef = B2C36D6515430D4500B30A36 /* main.m */; };
		B2C36D6A15430D4500B30A36 /* WMAppDelegate.m in Sources */ = {isa = PBXBuildFile; fileRef = B2C36D6915430D4500B30A36 /* WMAppDelegate.m */; };
		B2C36D6D15430D4500B30A36 /* WMMainViewController.m in Sources */ = {isa = PBXBuildFile; fileRef = B2C36D6C15430D4500B30A36 /* WMMainViewController.m */; };
		B2C36D801543276200B30A36 /* WMDataController.m in Sources */ = {isa = PBXBuildFile; fileRef = B2C36D7F1543276200B30A36 /* WMDataController.m */; };
		B2C36D8B1543284A00B30A36 /* WMMapViewController.m in Sources */ = {isa = PBXBuildFile; fileRef = B2C36D8A1543284A00B30A36 /* WMMapViewController.m */; };
		B2C36D8F1543286000B30A36 /* WMSubmitViewController.m in Sources */ = {isa = PBXBuildFile; fileRef = B2C36D8D1543286000B30A36 /* WMSubmitViewController.m */; };
		B2C36D901543286000B30A36 /* SubmitView.xib in Resources */ = {isa = PBXBuildFile; fileRef = B2C36D8E1543286000B30A36 /* SubmitView.xib */; };
		B2CF86B415437C9900FD8714 /* CoreLocation.framework in Frameworks */ = {isa = PBXBuildFile; fileRef = B2CF86B315437C9900FD8714 /* CoreLocation.framework */; };
		B2F86AC515436440006E4FF2 /* CDSpot.m in Sources */ = {isa = PBXBuildFile; fileRef = B2F86AC415436440006E4FF2 /* CDSpot.m */; };
		B2F86AC8154364B7006E4FF2 /* Model.xcdatamodeld in Sources */ = {isa = PBXBuildFile; fileRef = B2F86AC6154364B7006E4FF2 /* Model.xcdatamodeld */; };
		B2F86ACB154365A1006E4FF2 /* WMSpotSource.m in Sources */ = {isa = PBXBuildFile; fileRef = B2F86ACA154365A1006E4FF2 /* WMSpotSource.m */; };
/* End PBXBuildFile section */

/* Begin PBXFileReference section */
		1504D9E315435D0000292F4A /* JSON.h */ = {isa = PBXFileReference; fileEncoding = 4; lastKnownFileType = sourcecode.c.h; path = JSON.h; sourceTree = "<group>"; };
		1504D9E415435D0000292F4A /* NSObject+SBJSON.h */ = {isa = PBXFileReference; fileEncoding = 4; lastKnownFileType = sourcecode.c.h; path = "NSObject+SBJSON.h"; sourceTree = "<group>"; };
		1504D9E515435D0000292F4A /* NSObject+SBJSON.m */ = {isa = PBXFileReference; fileEncoding = 4; lastKnownFileType = sourcecode.c.objc; path = "NSObject+SBJSON.m"; sourceTree = "<group>"; };
		1504D9E615435D0000292F4A /* NSString+SBJSON.h */ = {isa = PBXFileReference; fileEncoding = 4; lastKnownFileType = sourcecode.c.h; path = "NSString+SBJSON.h"; sourceTree = "<group>"; };
		1504D9E715435D0000292F4A /* NSString+SBJSON.m */ = {isa = PBXFileReference; fileEncoding = 4; lastKnownFileType = sourcecode.c.objc; path = "NSString+SBJSON.m"; sourceTree = "<group>"; };
		1504D9E815435D0000292F4A /* SBJSON.h */ = {isa = PBXFileReference; fileEncoding = 4; lastKnownFileType = sourcecode.c.h; path = SBJSON.h; sourceTree = "<group>"; };
		1504D9E915435D0000292F4A /* SBJSON.m */ = {isa = PBXFileReference; fileEncoding = 4; lastKnownFileType = sourcecode.c.objc; path = SBJSON.m; sourceTree = "<group>"; };
		1504D9EA15435D0000292F4A /* SBJsonBase.h */ = {isa = PBXFileReference; fileEncoding = 4; lastKnownFileType = sourcecode.c.h; path = SBJsonBase.h; sourceTree = "<group>"; };
		1504D9EB15435D0000292F4A /* SBJsonBase.m */ = {isa = PBXFileReference; fileEncoding = 4; lastKnownFileType = sourcecode.c.objc; path = SBJsonBase.m; sourceTree = "<group>"; };
		1504D9EC15435D0000292F4A /* SBJsonParser.h */ = {isa = PBXFileReference; fileEncoding = 4; lastKnownFileType = sourcecode.c.h; path = SBJsonParser.h; sourceTree = "<group>"; };
		1504D9ED15435D0000292F4A /* SBJsonParser.m */ = {isa = PBXFileReference; fileEncoding = 4; lastKnownFileType = sourcecode.c.objc; path = SBJsonParser.m; sourceTree = "<group>"; };
		1504D9EE15435D0000292F4A /* SBJsonWriter.h */ = {isa = PBXFileReference; fileEncoding = 4; lastKnownFileType = sourcecode.c.h; path = SBJsonWriter.h; sourceTree = "<group>"; };
		1504D9EF15435D0000292F4A /* SBJsonWriter.m */ = {isa = PBXFileReference; fileEncoding = 4; lastKnownFileType = sourcecode.c.objc; path = SBJsonWriter.m; sourceTree = "<group>"; };
		1569D57215432DDA003C5445 /* XMLReader.m */ = {isa = PBXFileReference; fileEncoding = 4; lastKnownFileType = sourcecode.c.objc; path = XMLReader.m; sourceTree = "<group>"; };
		1569D57315432DDA003C5445 /* XMLReader.h */ = {isa = PBXFileReference; fileEncoding = 4; lastKnownFileType = sourcecode.c.h; path = XMLReader.h; sourceTree = "<group>"; };
		1569D57E154332E1003C5445 /* ASIAuthenticationDialog.h */ = {isa = PBXFileReference; fileEncoding = 4; lastKnownFileType = sourcecode.c.h; path = ASIAuthenticationDialog.h; sourceTree = "<group>"; };
		1569D57F154332E1003C5445 /* ASIAuthenticationDialog.m */ = {isa = PBXFileReference; fileEncoding = 4; lastKnownFileType = sourcecode.c.objc; path = ASIAuthenticationDialog.m; sourceTree = "<group>"; };
		1569D580154332E1003C5445 /* ASICacheDelegate.h */ = {isa = PBXFileReference; fileEncoding = 4; lastKnownFileType = sourcecode.c.h; path = ASICacheDelegate.h; sourceTree = "<group>"; };
		1569D581154332E1003C5445 /* ASIDataCompressor.h */ = {isa = PBXFileReference; fileEncoding = 4; lastKnownFileType = sourcecode.c.h; path = ASIDataCompressor.h; sourceTree = "<group>"; };
		1569D582154332E1003C5445 /* ASIDataCompressor.m */ = {isa = PBXFileReference; fileEncoding = 4; lastKnownFileType = sourcecode.c.objc; path = ASIDataCompressor.m; sourceTree = "<group>"; };
		1569D583154332E1003C5445 /* ASIDataDecompressor.h */ = {isa = PBXFileReference; fileEncoding = 4; lastKnownFileType = sourcecode.c.h; path = ASIDataDecompressor.h; sourceTree = "<group>"; };
		1569D584154332E1003C5445 /* ASIDataDecompressor.m */ = {isa = PBXFileReference; fileEncoding = 4; lastKnownFileType = sourcecode.c.objc; path = ASIDataDecompressor.m; sourceTree = "<group>"; };
		1569D585154332E1003C5445 /* ASIDownloadCache.h */ = {isa = PBXFileReference; fileEncoding = 4; lastKnownFileType = sourcecode.c.h; path = ASIDownloadCache.h; sourceTree = "<group>"; };
		1569D586154332E1003C5445 /* ASIDownloadCache.m */ = {isa = PBXFileReference; fileEncoding = 4; lastKnownFileType = sourcecode.c.objc; path = ASIDownloadCache.m; sourceTree = "<group>"; };
		1569D587154332E1003C5445 /* ASIFormDataRequest.h */ = {isa = PBXFileReference; fileEncoding = 4; lastKnownFileType = sourcecode.c.h; path = ASIFormDataRequest.h; sourceTree = "<group>"; };
		1569D588154332E1003C5445 /* ASIFormDataRequest.m */ = {isa = PBXFileReference; fileEncoding = 4; lastKnownFileType = sourcecode.c.objc; path = ASIFormDataRequest.m; sourceTree = "<group>"; };
		1569D589154332E1003C5445 /* ASIHTTPRequest.h */ = {isa = PBXFileReference; fileEncoding = 4; lastKnownFileType = sourcecode.c.h; path = ASIHTTPRequest.h; sourceTree = "<group>"; };
		1569D58A154332E1003C5445 /* ASIHTTPRequest.m */ = {isa = PBXFileReference; fileEncoding = 4; lastKnownFileType = sourcecode.c.objc; path = ASIHTTPRequest.m; sourceTree = "<group>"; };
		1569D58B154332E1003C5445 /* ASIHTTPRequestConfig.h */ = {isa = PBXFileReference; fileEncoding = 4; lastKnownFileType = sourcecode.c.h; path = ASIHTTPRequestConfig.h; sourceTree = "<group>"; };
		1569D58C154332E1003C5445 /* ASIHTTPRequestDelegate.h */ = {isa = PBXFileReference; fileEncoding = 4; lastKnownFileType = sourcecode.c.h; path = ASIHTTPRequestDelegate.h; sourceTree = "<group>"; };
		1569D58D154332E1003C5445 /* ASIInputStream.h */ = {isa = PBXFileReference; fileEncoding = 4; lastKnownFileType = sourcecode.c.h; path = ASIInputStream.h; sourceTree = "<group>"; };
		1569D58E154332E1003C5445 /* ASIInputStream.m */ = {isa = PBXFileReference; fileEncoding = 4; lastKnownFileType = sourcecode.c.objc; path = ASIInputStream.m; sourceTree = "<group>"; };
		1569D58F154332E1003C5445 /* ASINetworkQueue.h */ = {isa = PBXFileReference; fileEncoding = 4; lastKnownFileType = sourcecode.c.h; path = ASINetworkQueue.h; sourceTree = "<group>"; };
		1569D590154332E1003C5445 /* ASINetworkQueue.m */ = {isa = PBXFileReference; fileEncoding = 4; lastKnownFileType = sourcecode.c.objc; path = ASINetworkQueue.m; sourceTree = "<group>"; };
		1569D591154332E1003C5445 /* ASIProgressDelegate.h */ = {isa = PBXFileReference; fileEncoding = 4; lastKnownFileType = sourcecode.c.h; path = ASIProgressDelegate.h; sourceTree = "<group>"; };
		1569D592154332E1003C5445 /* Reachability.h */ = {isa = PBXFileReference; fileEncoding = 4; lastKnownFileType = sourcecode.c.h; path = Reachability.h; sourceTree = "<group>"; };
		1569D593154332E1003C5445 /* Reachability.m */ = {isa = PBXFileReference; fileEncoding = 4; lastKnownFileType = sourcecode.c.objc; path = Reachability.m; sourceTree = "<group>"; };
		1569D59E15433319003C5445 /* CFNetwork.framework */ = {isa = PBXFileReference; lastKnownFileType = wrapper.framework; name = CFNetwork.framework; path = System/Library/Frameworks/CFNetwork.framework; sourceTree = SDKROOT; };
		1569D5A0154333A7003C5445 /* SystemConfiguration.framework */ = {isa = PBXFileReference; lastKnownFileType = wrapper.framework; name = SystemConfiguration.framework; path = System/Library/Frameworks/SystemConfiguration.framework; sourceTree = SDKROOT; };
		1569D5A2154333B1003C5445 /* MobileCoreServices.framework */ = {isa = PBXFileReference; lastKnownFileType = wrapper.framework; name = MobileCoreServices.framework; path = System/Library/Frameworks/MobileCoreServices.framework; sourceTree = SDKROOT; };
		1569D5A4154333C8003C5445 /* libz.dylib */ = {isa = PBXFileReference; lastKnownFileType = "compiled.mach-o.dylib"; name = libz.dylib; path = usr/lib/libz.dylib; sourceTree = SDKROOT; };
		1569D5AA154336A3003C5445 /* WMConstants.h */ = {isa = PBXFileReference; fileEncoding = 4; lastKnownFileType = sourcecode.c.h; path = WMConstants.h; sourceTree = "<group>"; };
		1569D5B2154339AB003C5445 /* WMSpot.h */ = {isa = PBXFileReference; fileEncoding = 4; lastKnownFileType = sourcecode.c.h; path = WMSpot.h; sourceTree = "<group>"; };
		1569D5B3154339AB003C5445 /* WMSpot.m */ = {isa = PBXFileReference; fileEncoding = 4; lastKnownFileType = sourcecode.c.objc; path = WMSpot.m; sourceTree = "<group>"; };
		1590E0531543A6CA005CA0A8 /* Facebook.h */ = {isa = PBXFileReference; fileEncoding = 4; lastKnownFileType = sourcecode.c.h; path = Facebook.h; sourceTree = "<group>"; };
		1590E0541543A6CA005CA0A8 /* Facebook.m */ = {isa = PBXFileReference; fileEncoding = 4; lastKnownFileType = sourcecode.c.objc; path = Facebook.m; sourceTree = "<group>"; };
		1590E0551543A6CA005CA0A8 /* FBConnect.h */ = {isa = PBXFileReference; fileEncoding = 4; lastKnownFileType = sourcecode.c.h; path = FBConnect.h; sourceTree = "<group>"; };
		1590E0561543A6CA005CA0A8 /* FBDialog.bundle */ = {isa = PBXFileReference; lastKnownFileType = "wrapper.plug-in"; path = FBDialog.bundle; sourceTree = "<group>"; };
		1590E0571543A6CA005CA0A8 /* FBDialog.h */ = {isa = PBXFileReference; fileEncoding = 4; lastKnownFileType = sourcecode.c.h; path = FBDialog.h; sourceTree = "<group>"; };
		1590E0581543A6CA005CA0A8 /* FBDialog.m */ = {isa = PBXFileReference; fileEncoding = 4; lastKnownFileType = sourcecode.c.objc; path = FBDialog.m; sourceTree = "<group>"; };
		1590E0591543A6CA005CA0A8 /* FBFrictionlessRequestSettings.h */ = {isa = PBXFileReference; fileEncoding = 4; lastKnownFileType = sourcecode.c.h; path = FBFrictionlessRequestSettings.h; sourceTree = "<group>"; };
		1590E05A1543A6CA005CA0A8 /* FBFrictionlessRequestSettings.m */ = {isa = PBXFileReference; fileEncoding = 4; lastKnownFileType = sourcecode.c.objc; path = FBFrictionlessRequestSettings.m; sourceTree = "<group>"; };
		1590E05B1543A6CA005CA0A8 /* FBLoginDialog.h */ = {isa = PBXFileReference; fileEncoding = 4; lastKnownFileType = sourcecode.c.h; path = FBLoginDialog.h; sourceTree = "<group>"; };
		1590E05C1543A6CA005CA0A8 /* FBLoginDialog.m */ = {isa = PBXFileReference; fileEncoding = 4; lastKnownFileType = sourcecode.c.objc; path = FBLoginDialog.m; sourceTree = "<group>"; };
		1590E05D1543A6CA005CA0A8 /* FBRequest.h */ = {isa = PBXFileReference; fileEncoding = 4; lastKnownFileType = sourcecode.c.h; path = FBRequest.h; sourceTree = "<group>"; };
		1590E05E1543A6CA005CA0A8 /* FBRequest.m */ = {isa = PBXFileReference; fileEncoding = 4; lastKnownFileType = sourcecode.c.objc; path = FBRequest.m; sourceTree = "<group>"; };
		18709D56154355A300AA5EC2 /* WMOfflineMapView.h */ = {isa = PBXFileReference; fileEncoding = 4; lastKnownFileType = sourcecode.c.h; path = WMOfflineMapView.h; sourceTree = "<group>"; };
		18709D57154355A300AA5EC2 /* WMOfflineMapView.m */ = {isa = PBXFileReference; fileEncoding = 4; lastKnownFileType = sourcecode.c.objc; path = WMOfflineMapView.m; sourceTree = "<group>"; };
		18709D5A154355BC00AA5EC2 /* WMSpotView.h */ = {isa = PBXFileReference; fileEncoding = 4; lastKnownFileType = sourcecode.c.h; path = WMSpotView.h; sourceTree = "<group>"; };
		18709D5B154355BC00AA5EC2 /* WMSpotView.m */ = {isa = PBXFileReference; fileEncoding = 4; lastKnownFileType = sourcecode.c.objc; path = WMSpotView.m; sourceTree = "<group>"; };
		18709D5D15435B6300AA5EC2 /* WMOfflineMapData.h */ = {isa = PBXFileReference; fileEncoding = 4; lastKnownFileType = sourcecode.c.h; path = WMOfflineMapData.h; sourceTree = "<group>"; };
		18709D5E15435B6300AA5EC2 /* WMOfflineMapData.m */ = {isa = PBXFileReference; fileEncoding = 4; lastKnownFileType = sourcecode.c.objc; path = WMOfflineMapData.m; sourceTree = "<group>"; };
		18709D6015435B9000AA5EC2 /* WMSpotData.h */ = {isa = PBXFileReference; fileEncoding = 4; lastKnownFileType = sourcecode.c.h; path = WMSpotData.h; sourceTree = "<group>"; };
		18709D6115435B9000AA5EC2 /* WMSpotData.m */ = {isa = PBXFileReference; fileEncoding = 4; lastKnownFileType = sourcecode.c.objc; path = WMSpotData.m; sourceTree = "<group>"; };
		18709D751543831D00AA5EC2 /* Entitlements.plist */ = {isa = PBXFileReference; fileEncoding = 4; lastKnownFileType = text.plist.xml; path = Entitlements.plist; sourceTree = SOURCE_ROOT; };
		18709D831543C45C00AA5EC2 /* WMMapDataSource.h */ = {isa = PBXFileReference; fileEncoding = 4; lastKnownFileType = sourcecode.c.h; path = WMMapDataSource.h; sourceTree = "<group>"; };
		18709D841543C45C00AA5EC2 /* WMMapDataSource.m */ = {isa = PBXFileReference; fileEncoding = 4; lastKnownFileType = sourcecode.c.objc; path = WMMapDataSource.m; sourceTree = "<group>"; };
		18C2ABD915433265002016B4 /* WMMapView.h */ = {isa = PBXFileReference; fileEncoding = 4; lastKnownFileType = sourcecode.c.h; path = WMMapView.h; sourceTree = "<group>"; };
		18C2ABDA15433265002016B4 /* WMMapView.m */ = {isa = PBXFileReference; fileEncoding = 4; lastKnownFileType = sourcecode.c.objc; path = WMMapView.m; sourceTree = "<group>"; };
		18C2ABDC1543371A002016B4 /* WMMapView.xib */ = {isa = PBXFileReference; fileEncoding = 4; lastKnownFileType = file.xib; path = WMMapView.xib; sourceTree = "<group>"; };
		18C2ABF615434583002016B4 /* WMMapViewOfflineOverlay.h */ = {isa = PBXFileReference; fileEncoding = 4; lastKnownFileType = sourcecode.c.h; path = WMMapViewOfflineOverlay.h; sourceTree = "<group>"; };
		18C2ABF715434583002016B4 /* WMMapViewOfflineOverlay.m */ = {isa = PBXFileReference; fileEncoding = 4; lastKnownFileType = sourcecode.c.objc; path = WMMapViewOfflineOverlay.m; sourceTree = "<group>"; };
		18C2ABF815434583002016B4 /* WMMapViewSpotsAnnotation.h */ = {isa = PBXFileReference; fileEncoding = 4; lastKnownFileType = sourcecode.c.h; path = WMMapViewSpotsAnnotation.h; sourceTree = "<group>"; };
		18C2ABFD15434BFC002016B4 /* WMMapViewSpotsAnnotation.m */ = {isa = PBXFileReference; fileEncoding = 4; lastKnownFileType = sourcecode.c.objc; path = WMMapViewSpotsAnnotation.m; sourceTree = "<group>"; };
		B22D35FA154330A30023A8E6 /* MapKit.framework */ = {isa = PBXFileReference; lastKnownFileType = wrapper.framework; name = MapKit.framework; path = System/Library/Frameworks/MapKit.framework; sourceTree = SDKROOT; };
		B240126C154361D30010EA75 /* CoreData.framework */ = {isa = PBXFileReference; lastKnownFileType = wrapper.framework; name = CoreData.framework; path = System/Library/Frameworks/CoreData.framework; sourceTree = SDKROOT; };
		B26CF63C1543AC8E003799E5 /* icon.png */ = {isa = PBXFileReference; lastKnownFileType = image.png; name = icon.png; path = ../icon.png; sourceTree = "<group>"; };
		B26CF6411543B96E003799E5 /* WMUpdateSpotViewController.h */ = {isa = PBXFileReference; fileEncoding = 4; lastKnownFileType = sourcecode.c.h; path = WMUpdateSpotViewController.h; sourceTree = "<group>"; };
		B26CF6421543B96E003799E5 /* WMUpdateSpotViewController.m */ = {isa = PBXFileReference; fileEncoding = 4; lastKnownFileType = sourcecode.c.objc; path = WMUpdateSpotViewController.m; sourceTree = "<group>"; };
		B26CF6441543BD2E003799E5 /* UpdateSpotView.xib */ = {isa = PBXFileReference; fileEncoding = 4; lastKnownFileType = file.xib; path = UpdateSpotView.xib; sourceTree = "<group>"; };
		B26CF6461543C2EF003799E5 /* edit.png */ = {isa = PBXFileReference; lastKnownFileType = image.png; name = edit.png; path = ../edit.png; sourceTree = "<group>"; };
		B26CF64C1543C764003799E5 /* pin.png */ = {isa = PBXFileReference; lastKnownFileType = image.png; path = pin.png; sourceTree = SOURCE_ROOT; };
		B2C36D5515430D4500B30A36 /* WiFi Map Social.app */ = {isa = PBXFileReference; explicitFileType = wrapper.application; includeInIndex = 0; path = "WiFi Map Social.app"; sourceTree = BUILT_PRODUCTS_DIR; };
		B2C36D5915430D4500B30A36 /* UIKit.framework */ = {isa = PBXFileReference; lastKnownFileType = wrapper.framework; name = UIKit.framework; path = System/Library/Frameworks/UIKit.framework; sourceTree = SDKROOT; };
		B2C36D5B15430D4500B30A36 /* Foundation.framework */ = {isa = PBXFileReference; lastKnownFileType = wrapper.framework; name = Foundation.framework; path = System/Library/Frameworks/Foundation.framework; sourceTree = SDKROOT; };
		B2C36D5D15430D4500B30A36 /* CoreGraphics.framework */ = {isa = PBXFileReference; lastKnownFileType = wrapper.framework; name = CoreGraphics.framework; path = System/Library/Frameworks/CoreGraphics.framework; sourceTree = SDKROOT; };
		B2C36D6115430D4500B30A36 /* WiFi Map Social-Info.plist */ = {isa = PBXFileReference; lastKnownFileType = text.plist.xml; path = "WiFi Map Social-Info.plist"; sourceTree = "<group>"; };
		B2C36D6315430D4500B30A36 /* en */ = {isa = PBXFileReference; lastKnownFileType = text.plist.strings; name = en; path = en.lproj/InfoPlist.strings; sourceTree = "<group>"; };
		B2C36D6515430D4500B30A36 /* main.m */ = {isa = PBXFileReference; lastKnownFileType = sourcecode.c.objc; path = main.m; sourceTree = "<group>"; };
		B2C36D6715430D4500B30A36 /* WiFi Map Social-Prefix.pch */ = {isa = PBXFileReference; lastKnownFileType = sourcecode.c.h; path = "WiFi Map Social-Prefix.pch"; sourceTree = "<group>"; };
		B2C36D6815430D4500B30A36 /* WMAppDelegate.h */ = {isa = PBXFileReference; lastKnownFileType = sourcecode.c.h; path = WMAppDelegate.h; sourceTree = "<group>"; };
		B2C36D6915430D4500B30A36 /* WMAppDelegate.m */ = {isa = PBXFileReference; lastKnownFileType = sourcecode.c.objc; path = WMAppDelegate.m; sourceTree = "<group>"; };
		B2C36D6B15430D4500B30A36 /* WMMainViewController.h */ = {isa = PBXFileReference; lastKnownFileType = sourcecode.c.h; path = WMMainViewController.h; sourceTree = "<group>"; };
		B2C36D6C15430D4500B30A36 /* WMMainViewController.m */ = {isa = PBXFileReference; lastKnownFileType = sourcecode.c.objc; path = WMMainViewController.m; sourceTree = "<group>"; };
		B2C36D7E1543276200B30A36 /* WMDataController.h */ = {isa = PBXFileReference; fileEncoding = 4; lastKnownFileType = sourcecode.c.h; path = WMDataController.h; sourceTree = "<group>"; };
		B2C36D7F1543276200B30A36 /* WMDataController.m */ = {isa = PBXFileReference; fileEncoding = 4; lastKnownFileType = sourcecode.c.objc; path = WMDataController.m; sourceTree = "<group>"; };
		B2C36D891543284A00B30A36 /* WMMapViewController.h */ = {isa = PBXFileReference; fileEncoding = 4; lastKnownFileType = sourcecode.c.h; path = WMMapViewController.h; sourceTree = "<group>"; };
		B2C36D8A1543284A00B30A36 /* WMMapViewController.m */ = {isa = PBXFileReference; fileEncoding = 4; lastKnownFileType = sourcecode.c.objc; path = WMMapViewController.m; sourceTree = "<group>"; };
		B2C36D8C1543286000B30A36 /* WMSubmitViewController.h */ = {isa = PBXFileReference; fileEncoding = 4; lastKnownFileType = sourcecode.c.h; path = WMSubmitViewController.h; sourceTree = "<group>"; };
		B2C36D8D1543286000B30A36 /* WMSubmitViewController.m */ = {isa = PBXFileReference; fileEncoding = 4; lastKnownFileType = sourcecode.c.objc; path = WMSubmitViewController.m; sourceTree = "<group>"; };
		B2C36D8E1543286000B30A36 /* SubmitView.xib */ = {isa = PBXFileReference; fileEncoding = 4; lastKnownFileType = file.xib; path = SubmitView.xib; sourceTree = "<group>"; };
		B2CF86B315437C9900FD8714 /* CoreLocation.framework */ = {isa = PBXFileReference; lastKnownFileType = wrapper.framework; name = CoreLocation.framework; path = System/Library/Frameworks/CoreLocation.framework; sourceTree = SDKROOT; };
		B2F86AC315436440006E4FF2 /* CDSpot.h */ = {isa = PBXFileReference; fileEncoding = 4; lastKnownFileType = sourcecode.c.h; path = CDSpot.h; sourceTree = "<group>"; };
		B2F86AC415436440006E4FF2 /* CDSpot.m */ = {isa = PBXFileReference; fileEncoding = 4; lastKnownFileType = sourcecode.c.objc; path = CDSpot.m; sourceTree = "<group>"; };
		B2F86AC7154364B7006E4FF2 /* Model.xcdatamodel */ = {isa = PBXFileReference; lastKnownFileType = wrapper.xcdatamodel; path = Model.xcdatamodel; sourceTree = "<group>"; };
		B2F86AC9154365A1006E4FF2 /* WMSpotSource.h */ = {isa = PBXFileReference; fileEncoding = 4; lastKnownFileType = sourcecode.c.h; name = WMSpotSource.h; path = "WiFi Map Social/WMSpotSource.h"; sourceTree = SOURCE_ROOT; };
		B2F86ACA154365A1006E4FF2 /* WMSpotSource.m */ = {isa = PBXFileReference; fileEncoding = 4; lastKnownFileType = sourcecode.c.objc; name = WMSpotSource.m; path = "WiFi Map Social/WMSpotSource.m"; sourceTree = SOURCE_ROOT; };
/* End PBXFileReference section */

/* Begin PBXFrameworksBuildPhase section */
		B2C36D5215430D4500B30A36 /* Frameworks */ = {
			isa = PBXFrameworksBuildPhase;
			buildActionMask = 2147483647;
			files = (
				B2CF86B415437C9900FD8714 /* CoreLocation.framework in Frameworks */,
				1569D5A5154333C8003C5445 /* libz.dylib in Frameworks */,
				B240126D154361D30010EA75 /* CoreData.framework in Frameworks */,
				1569D5A3154333B1003C5445 /* MobileCoreServices.framework in Frameworks */,
				1569D5A1154333A7003C5445 /* SystemConfiguration.framework in Frameworks */,
				1569D59F15433319003C5445 /* CFNetwork.framework in Frameworks */,
				B22D35FB154330A30023A8E6 /* MapKit.framework in Frameworks */,
				B2C36D5A15430D4500B30A36 /* UIKit.framework in Frameworks */,
				B2C36D5C15430D4500B30A36 /* Foundation.framework in Frameworks */,
				B2C36D5E15430D4500B30A36 /* CoreGraphics.framework in Frameworks */,
			);
			runOnlyForDeploymentPostprocessing = 0;
		};
/* End PBXFrameworksBuildPhase section */

/* Begin PBXGroup section */
		1504D9E215435D0000292F4A /* JSON */ = {
			isa = PBXGroup;
			children = (
				1504D9E315435D0000292F4A /* JSON.h */,
				1504D9E415435D0000292F4A /* NSObject+SBJSON.h */,
				1504D9E515435D0000292F4A /* NSObject+SBJSON.m */,
				1504D9E615435D0000292F4A /* NSString+SBJSON.h */,
				1504D9E715435D0000292F4A /* NSString+SBJSON.m */,
				1504D9E815435D0000292F4A /* SBJSON.h */,
				1504D9E915435D0000292F4A /* SBJSON.m */,
				1504D9EA15435D0000292F4A /* SBJsonBase.h */,
				1504D9EB15435D0000292F4A /* SBJsonBase.m */,
				1504D9EC15435D0000292F4A /* SBJsonParser.h */,
				1504D9ED15435D0000292F4A /* SBJsonParser.m */,
				1504D9EE15435D0000292F4A /* SBJsonWriter.h */,
				1504D9EF15435D0000292F4A /* SBJsonWriter.m */,
			);
			path = JSON;
			sourceTree = "<group>";
		};
		1569D54815432D06003C5445 /* models */ = {
			isa = PBXGroup;
			children = (
				1569D57D154332E1003C5445 /* ASIHTTPRequest */,
				18709D6315435B9A00AA5EC2 /* Map */,
				B2C36D6815430D4500B30A36 /* WMAppDelegate.h */,
				B2C36D6915430D4500B30A36 /* WMAppDelegate.m */,
				B2F86AC9154365A1006E4FF2 /* WMSpotSource.h */,
				B2F86ACA154365A1006E4FF2 /* WMSpotSource.m */,
				1569D5B2154339AB003C5445 /* WMSpot.h */,
				1569D5B3154339AB003C5445 /* WMSpot.m */,
			);
			name = models;
			sourceTree = "<group>";
		};
		1569D54A15432D13003C5445 /* views */ = {
			isa = PBXGroup;
			children = (
			);
			name = views;
			sourceTree = "<group>";
		};
		1569D54B15432D1A003C5445 /* utilities */ = {
			isa = PBXGroup;
			children = (
				1590E0501543A69B005CA0A8 /* FacebookSDK */,
				1504D9E215435D0000292F4A /* JSON */,
				1569D57315432DDA003C5445 /* XMLReader.h */,
				1569D57215432DDA003C5445 /* XMLReader.m */,
			);
			name = utilities;
			sourceTree = "<group>";
		};
		1569D54C15432D23003C5445 /* controllers */ = {
			isa = PBXGroup;
			children = (
				B2C36D79154325D900B30A36 /* MainViewController */,
				B2C36D7A1543269400B30A36 /* DataController */,
				B2C36D7C154326B200B30A36 /* MapController */,
				B26CF6401543B4E2003799E5 /* UpdateSpotController */,
				B2C36D7B154326A300B30A36 /* SubmitController */,
			);
			name = controllers;
			sourceTree = "<group>";
		};
		1569D57D154332E1003C5445 /* ASIHTTPRequest */ = {
			isa = PBXGroup;
			children = (
				1569D57E154332E1003C5445 /* ASIAuthenticationDialog.h */,
				1569D57F154332E1003C5445 /* ASIAuthenticationDialog.m */,
				1569D580154332E1003C5445 /* ASICacheDelegate.h */,
				1569D581154332E1003C5445 /* ASIDataCompressor.h */,
				1569D582154332E1003C5445 /* ASIDataCompressor.m */,
				1569D583154332E1003C5445 /* ASIDataDecompressor.h */,
				1569D584154332E1003C5445 /* ASIDataDecompressor.m */,
				1569D585154332E1003C5445 /* ASIDownloadCache.h */,
				1569D586154332E1003C5445 /* ASIDownloadCache.m */,
				1569D587154332E1003C5445 /* ASIFormDataRequest.h */,
				1569D588154332E1003C5445 /* ASIFormDataRequest.m */,
				1569D589154332E1003C5445 /* ASIHTTPRequest.h */,
				1569D58A154332E1003C5445 /* ASIHTTPRequest.m */,
				1569D58B154332E1003C5445 /* ASIHTTPRequestConfig.h */,
				1569D58C154332E1003C5445 /* ASIHTTPRequestDelegate.h */,
				1569D58D154332E1003C5445 /* ASIInputStream.h */,
				1569D58E154332E1003C5445 /* ASIInputStream.m */,
				1569D58F154332E1003C5445 /* ASINetworkQueue.h */,
				1569D590154332E1003C5445 /* ASINetworkQueue.m */,
				1569D591154332E1003C5445 /* ASIProgressDelegate.h */,
				1569D592154332E1003C5445 /* Reachability.h */,
				1569D593154332E1003C5445 /* Reachability.m */,
			);
			path = ASIHTTPRequest;
			sourceTree = "<group>";
		};
		1590E0501543A69B005CA0A8 /* FacebookSDK */ = {
			isa = PBXGroup;
			children = (
				1590E0531543A6CA005CA0A8 /* Facebook.h */,
				1590E0541543A6CA005CA0A8 /* Facebook.m */,
				1590E0551543A6CA005CA0A8 /* FBConnect.h */,
				1590E0561543A6CA005CA0A8 /* FBDialog.bundle */,
				1590E0571543A6CA005CA0A8 /* FBDialog.h */,
				1590E0581543A6CA005CA0A8 /* FBDialog.m */,
				1590E0591543A6CA005CA0A8 /* FBFrictionlessRequestSettings.h */,
				1590E05A1543A6CA005CA0A8 /* FBFrictionlessRequestSettings.m */,
				1590E05B1543A6CA005CA0A8 /* FBLoginDialog.h */,
				1590E05C1543A6CA005CA0A8 /* FBLoginDialog.m */,
				1590E05D1543A6CA005CA0A8 /* FBRequest.h */,
				1590E05E1543A6CA005CA0A8 /* FBRequest.m */,
			);
			name = FacebookSDK;
			sourceTree = "<group>";
		};
		18709D6315435B9A00AA5EC2 /* Map */ = {
			isa = PBXGroup;
			children = (
				18709D6015435B9000AA5EC2 /* WMSpotData.h */,
				18709D6115435B9000AA5EC2 /* WMSpotData.m */,
				18709D5D15435B6300AA5EC2 /* WMOfflineMapData.h */,
				18709D5E15435B6300AA5EC2 /* WMOfflineMapData.m */,
			);
			name = Map;
			sourceTree = "<group>";
		};
		B240126B154361A50010EA75 /* CoreData */ = {
			isa = PBXGroup;
			children = (
				B2F86AC6154364B7006E4FF2 /* Model.xcdatamodeld */,
				B2F86AC315436440006E4FF2 /* CDSpot.h */,
				B2F86AC415436440006E4FF2 /* CDSpot.m */,
			);
			name = CoreData;
			sourceTree = "<group>";
		};
		B26CF63F1543ACC0003799E5 /* Resources */ = {
			isa = PBXGroup;
			children = (
				B26CF64C1543C764003799E5 /* pin.png */,
				B26CF63C1543AC8E003799E5 /* icon.png */,
				B26CF6461543C2EF003799E5 /* edit.png */,
			);
			name = Resources;
			path = "WiFi Map Social";
			sourceTree = "<group>";
		};
		B26CF6401543B4E2003799E5 /* UpdateSpotController */ = {
			isa = PBXGroup;
			children = (
				B26CF6411543B96E003799E5 /* WMUpdateSpotViewController.h */,
				B26CF6421543B96E003799E5 /* WMUpdateSpotViewController.m */,
				B26CF6441543BD2E003799E5 /* UpdateSpotView.xib */,
			);
			name = UpdateSpotController;
			sourceTree = "<group>";
		};
		B2C36D4A15430D4500B30A36 = {
			isa = PBXGroup;
			children = (
				B2C36D5F15430D4500B30A36 /* WiFi Map Social */,
				B26CF63F1543ACC0003799E5 /* Resources */,
				B2C36D5815430D4500B30A36 /* Frameworks */,
				B2C36D5615430D4500B30A36 /* Products */,
			);
			sourceTree = "<group>";
		};
		B2C36D5615430D4500B30A36 /* Products */ = {
			isa = PBXGroup;
			children = (
				B2C36D5515430D4500B30A36 /* WiFi Map Social.app */,
			);
			name = Products;
			sourceTree = "<group>";
		};
		B2C36D5815430D4500B30A36 /* Frameworks */ = {
			isa = PBXGroup;
			children = (
				1569D5A4154333C8003C5445 /* libz.dylib */,
				B240126C154361D30010EA75 /* CoreData.framework */,
				B2CF86B315437C9900FD8714 /* CoreLocation.framework */,
				1569D5A2154333B1003C5445 /* MobileCoreServices.framework */,
				1569D5A0154333A7003C5445 /* SystemConfiguration.framework */,
				1569D59E15433319003C5445 /* CFNetwork.framework */,
				B22D35FA154330A30023A8E6 /* MapKit.framework */,
				B2C36D5915430D4500B30A36 /* UIKit.framework */,
				B2C36D5B15430D4500B30A36 /* Foundation.framework */,
				B2C36D5D15430D4500B30A36 /* CoreGraphics.framework */,
			);
			name = Frameworks;
			sourceTree = "<group>";
		};
		B2C36D5F15430D4500B30A36 /* WiFi Map Social */ = {
			isa = PBXGroup;
			children = (
				B240126B154361A50010EA75 /* CoreData */,
				B2C36D7D154326CA00B30A36 /* Classes */,
				B2C36D6015430D4500B30A36 /* Supporting Files */,
			);
			path = "WiFi Map Social";
			sourceTree = "<group>";
		};
		B2C36D6015430D4500B30A36 /* Supporting Files */ = {
			isa = PBXGroup;
			children = (
				18709D751543831D00AA5EC2 /* Entitlements.plist */,
				B2C36D6115430D4500B30A36 /* WiFi Map Social-Info.plist */,
				B2C36D6215430D4500B30A36 /* InfoPlist.strings */,
				B2C36D6515430D4500B30A36 /* main.m */,
				B2C36D6715430D4500B30A36 /* WiFi Map Social-Prefix.pch */,
				1569D5AA154336A3003C5445 /* WMConstants.h */,
			);
			name = "Supporting Files";
			sourceTree = "<group>";
		};
		B2C36D79154325D900B30A36 /* MainViewController */ = {
			isa = PBXGroup;
			children = (
				B2C36D6B15430D4500B30A36 /* WMMainViewController.h */,
				B2C36D6C15430D4500B30A36 /* WMMainViewController.m */,
			);
			name = MainViewController;
			sourceTree = "<group>";
		};
		B2C36D7A1543269400B30A36 /* DataController */ = {
			isa = PBXGroup;
			children = (
				B2C36D7E1543276200B30A36 /* WMDataController.h */,
				B2C36D7F1543276200B30A36 /* WMDataController.m */,
				18709D831543C45C00AA5EC2 /* WMMapDataSource.h */,
				18709D841543C45C00AA5EC2 /* WMMapDataSource.m */,
			);
			name = DataController;
			sourceTree = "<group>";
		};
		B2C36D7B154326A300B30A36 /* SubmitController */ = {
			isa = PBXGroup;
			children = (
				B2C36D8C1543286000B30A36 /* WMSubmitViewController.h */,
				B2C36D8D1543286000B30A36 /* WMSubmitViewController.m */,
				B2C36D8E1543286000B30A36 /* SubmitView.xib */,
			);
			name = SubmitController;
			sourceTree = "<group>";
		};
		B2C36D7C154326B200B30A36 /* MapController */ = {
			isa = PBXGroup;
			children = (
				B2C36D891543284A00B30A36 /* WMMapViewController.h */,
				B2C36D8A1543284A00B30A36 /* WMMapViewController.m */,
				18C2ABD915433265002016B4 /* WMMapView.h */,
				18C2ABDA15433265002016B4 /* WMMapView.m */,
				18C2ABF615434583002016B4 /* WMMapViewOfflineOverlay.h */,
				18C2ABF715434583002016B4 /* WMMapViewOfflineOverlay.m */,
				18709D56154355A300AA5EC2 /* WMOfflineMapView.h */,
				18709D57154355A300AA5EC2 /* WMOfflineMapView.m */,
				18C2ABF815434583002016B4 /* WMMapViewSpotsAnnotation.h */,
				18C2ABFD15434BFC002016B4 /* WMMapViewSpotsAnnotation.m */,
				18709D5A154355BC00AA5EC2 /* WMSpotView.h */,
				18709D5B154355BC00AA5EC2 /* WMSpotView.m */,
				18C2ABDC1543371A002016B4 /* WMMapView.xib */,
			);
			name = MapController;
			sourceTree = "<group>";
		};
		B2C36D7D154326CA00B30A36 /* Classes */ = {
			isa = PBXGroup;
			children = (
				1569D54815432D06003C5445 /* models */,
				1569D54A15432D13003C5445 /* views */,
				1569D54C15432D23003C5445 /* controllers */,
				1569D54B15432D1A003C5445 /* utilities */,
			);
			name = Classes;
			sourceTree = "<group>";
		};
/* End PBXGroup section */

/* Begin PBXNativeTarget section */
		B2C36D5415430D4500B30A36 /* WiFi Map Social */ = {
			isa = PBXNativeTarget;
			buildConfigurationList = B2C36D7315430D4500B30A36 /* Build configuration list for PBXNativeTarget "WiFi Map Social" */;
			buildPhases = (
				B2C36D5115430D4500B30A36 /* Sources */,
				B2C36D5215430D4500B30A36 /* Frameworks */,
				B2C36D5315430D4500B30A36 /* Resources */,
			);
			buildRules = (
			);
			dependencies = (
			);
			name = "WiFi Map Social";
			productName = "WiFi Map Social";
			productReference = B2C36D5515430D4500B30A36 /* WiFi Map Social.app */;
			productType = "com.apple.product-type.application";
		};
/* End PBXNativeTarget section */

/* Begin PBXProject section */
		B2C36D4C15430D4500B30A36 /* Project object */ = {
			isa = PBXProject;
			attributes = {
				CLASSPREFIX = WM;
				LastUpgradeCheck = 0430;
			};
			buildConfigurationList = B2C36D4F15430D4500B30A36 /* Build configuration list for PBXProject "WiFi Map Social" */;
			compatibilityVersion = "Xcode 3.2";
			developmentRegion = English;
			hasScannedForEncodings = 0;
			knownRegions = (
				en,
			);
			mainGroup = B2C36D4A15430D4500B30A36;
			productRefGroup = B2C36D5615430D4500B30A36 /* Products */;
			projectDirPath = "";
			projectRoot = "";
			targets = (
				B2C36D5415430D4500B30A36 /* WiFi Map Social */,
			);
		};
/* End PBXProject section */

/* Begin PBXResourcesBuildPhase section */
		B2C36D5315430D4500B30A36 /* Resources */ = {
			isa = PBXResourcesBuildPhase;
			buildActionMask = 2147483647;
			files = (
				B2C36D6415430D4500B30A36 /* InfoPlist.strings in Resources */,
				B2C36D901543286000B30A36 /* SubmitView.xib in Resources */,
				18C2ABDD1543371A002016B4 /* WMMapView.xib in Resources */,
				18709D761543831D00AA5EC2 /* Entitlements.plist in Resources */,
				1590E0601543A6CA005CA0A8 /* FBDialog.bundle in Resources */,
				B26CF63D1543AC8E003799E5 /* icon.png in Resources */,
				B26CF6451543BD2E003799E5 /* UpdateSpotView.xib in Resources */,
				B26CF6471543C2EF003799E5 /* edit.png in Resources */,
				B26CF64D1543C764003799E5 /* pin.png in Resources */,
			);
			runOnlyForDeploymentPostprocessing = 0;
		};
/* End PBXResourcesBuildPhase section */

/* Begin PBXSourcesBuildPhase section */
		B2C36D5115430D4500B30A36 /* Sources */ = {
			isa = PBXSourcesBuildPhase;
			buildActionMask = 2147483647;
			files = (
				B2C36D6615430D4500B30A36 /* main.m in Sources */,
				B2C36D6A15430D4500B30A36 /* WMAppDelegate.m in Sources */,
				B2C36D6D15430D4500B30A36 /* WMMainViewController.m in Sources */,
				B2C36D801543276200B30A36 /* WMDataController.m in Sources */,
				B2C36D8B1543284A00B30A36 /* WMMapViewController.m in Sources */,
				B2C36D8F1543286000B30A36 /* WMSubmitViewController.m in Sources */,
				1569D57415432DDA003C5445 /* XMLReader.m in Sources */,
				1569D594154332E1003C5445 /* ASIAuthenticationDialog.m in Sources */,
				1569D595154332E1003C5445 /* ASIDataCompressor.m in Sources */,
				1569D596154332E1003C5445 /* ASIDataDecompressor.m in Sources */,
				1569D597154332E1003C5445 /* ASIDownloadCache.m in Sources */,
				1569D598154332E1003C5445 /* ASIFormDataRequest.m in Sources */,
				1569D599154332E1003C5445 /* ASIHTTPRequest.m in Sources */,
				1569D59A154332E1003C5445 /* ASIInputStream.m in Sources */,
				1569D59B154332E1003C5445 /* ASINetworkQueue.m in Sources */,
				1569D59C154332E1003C5445 /* Reachability.m in Sources */,
				18C2ABDB15433265002016B4 /* WMMapView.m in Sources */,
				1569D5B4154339AB003C5445 /* WMSpot.m in Sources */,
				18C2ABFA15434583002016B4 /* WMMapViewOfflineOverlay.m in Sources */,
				18C2ABFE15434BFC002016B4 /* WMMapViewSpotsAnnotation.m in Sources */,
				18709D58154355A300AA5EC2 /* WMOfflineMapView.m in Sources */,
				18709D5C154355BC00AA5EC2 /* WMSpotView.m in Sources */,
				18709D5F15435B6300AA5EC2 /* WMOfflineMapData.m in Sources */,
				18709D6215435B9100AA5EC2 /* WMSpotData.m in Sources */,
				1504D9F015435D0000292F4A /* NSObject+SBJSON.m in Sources */,
				1504D9F115435D0000292F4A /* NSString+SBJSON.m in Sources */,
				1504D9F215435D0000292F4A /* SBJSON.m in Sources */,
				1504D9F315435D0000292F4A /* SBJsonBase.m in Sources */,
				1504D9F415435D0000292F4A /* SBJsonParser.m in Sources */,
				1504D9F515435D0000292F4A /* SBJsonWriter.m in Sources */,
				B2F86AC515436440006E4FF2 /* CDSpot.m in Sources */,
				B2F86AC8154364B7006E4FF2 /* Model.xcdatamodeld in Sources */,
				B2F86ACB154365A1006E4FF2 /* WMSpotSource.m in Sources */,
				1590E05F1543A6CA005CA0A8 /* Facebook.m in Sources */,
				1590E0611543A6CA005CA0A8 /* FBDialog.m in Sources */,
				1590E0621543A6CA005CA0A8 /* FBFrictionlessRequestSettings.m in Sources */,
				1590E0631543A6CA005CA0A8 /* FBLoginDialog.m in Sources */,
				1590E0641543A6CA005CA0A8 /* FBRequest.m in Sources */,
				B26CF6431543B96E003799E5 /* WMUpdateSpotViewController.m in Sources */,
				18709D851543C45C00AA5EC2 /* WMMapDataSource.m in Sources */,
			);
			runOnlyForDeploymentPostprocessing = 0;
		};
/* End PBXSourcesBuildPhase section */

/* Begin PBXVariantGroup section */
		B2C36D6215430D4500B30A36 /* InfoPlist.strings */ = {
			isa = PBXVariantGroup;
			children = (
				B2C36D6315430D4500B30A36 /* en */,
			);
			name = InfoPlist.strings;
			sourceTree = "<group>";
		};
/* End PBXVariantGroup section */

/* Begin XCBuildConfiguration section */
		B2C36D7115430D4500B30A36 /* Debug */ = {
			isa = XCBuildConfiguration;
			buildSettings = {
				ALWAYS_SEARCH_USER_PATHS = NO;
				ARCHS = "$(ARCHS_STANDARD_32_BIT)";
				"CODE_SIGN_IDENTITY[sdk=iphoneos*]" = "iPhone Developer";
				COPY_PHASE_STRIP = NO;
				GCC_C_LANGUAGE_STANDARD = gnu99;
				GCC_DYNAMIC_NO_PIC = NO;
				GCC_OPTIMIZATION_LEVEL = 0;
				GCC_PREPROCESSOR_DEFINITIONS = (
					"DEBUG=1",
					"$(inherited)",
				);
				GCC_SYMBOLS_PRIVATE_EXTERN = NO;
				GCC_VERSION = com.apple.compilers.llvm.clang.1_0;
				GCC_WARN_ABOUT_RETURN_TYPE = YES;
				GCC_WARN_UNINITIALIZED_AUTOS = YES;
				GCC_WARN_UNUSED_VARIABLE = YES;
				IPHONEOS_DEPLOYMENT_TARGET = 4.3;
				SDKROOT = iphoneos;
			};
			name = Debug;
		};
		B2C36D7215430D4500B30A36 /* Release */ = {
			isa = XCBuildConfiguration;
			buildSettings = {
				ALWAYS_SEARCH_USER_PATHS = NO;
				ARCHS = "$(ARCHS_STANDARD_32_BIT)";
				"CODE_SIGN_IDENTITY[sdk=iphoneos*]" = "iPhone Developer";
				COPY_PHASE_STRIP = YES;
				GCC_C_LANGUAGE_STANDARD = gnu99;
				GCC_VERSION = com.apple.compilers.llvm.clang.1_0;
				GCC_WARN_ABOUT_RETURN_TYPE = YES;
				GCC_WARN_UNINITIALIZED_AUTOS = YES;
				GCC_WARN_UNUSED_VARIABLE = YES;
				IPHONEOS_DEPLOYMENT_TARGET = 4.3;
				OTHER_CFLAGS = "-DNS_BLOCK_ASSERTIONS=1";
				SDKROOT = iphoneos;
				VALIDATE_PRODUCT = YES;
			};
			name = Release;
		};
		B2C36D7415430D4500B30A36 /* Debug */ = {
			isa = XCBuildConfiguration;
			buildSettings = {
				GCC_PRECOMPILE_PREFIX_HEADER = YES;
				GCC_PREFIX_HEADER = "WiFi Map Social/WiFi Map Social-Prefix.pch";
				INFOPLIST_FILE = "WiFi Map Social/WiFi Map Social-Info.plist";
				PRODUCT_NAME = "$(TARGET_NAME)";
				WRAPPER_EXTENSION = app;
			};
			name = Debug;
		};
		B2C36D7515430D4500B30A36 /* Release */ = {
			isa = XCBuildConfiguration;
			buildSettings = {
				GCC_PRECOMPILE_PREFIX_HEADER = YES;
				GCC_PREFIX_HEADER = "WiFi Map Social/WiFi Map Social-Prefix.pch";
				INFOPLIST_FILE = "WiFi Map Social/WiFi Map Social-Info.plist";
				PRODUCT_NAME = "$(TARGET_NAME)";
				WRAPPER_EXTENSION = app;
			};
			name = Release;
		};
/* End XCBuildConfiguration section */

/* Begin XCConfigurationList section */
		B2C36D4F15430D4500B30A36 /* Build configuration list for PBXProject "WiFi Map Social" */ = {
			isa = XCConfigurationList;
			buildConfigurations = (
				B2C36D7115430D4500B30A36 /* Debug */,
				B2C36D7215430D4500B30A36 /* Release */,
			);
			defaultConfigurationIsVisible = 0;
			defaultConfigurationName = Release;
		};
		B2C36D7315430D4500B30A36 /* Build configuration list for PBXNativeTarget "WiFi Map Social" */ = {
			isa = XCConfigurationList;
			buildConfigurations = (
				B2C36D7415430D4500B30A36 /* Debug */,
				B2C36D7515430D4500B30A36 /* Release */,
			);
			defaultConfigurationIsVisible = 0;
			defaultConfigurationName = Release;
		};
/* End XCConfigurationList section */

/* Begin XCVersionGroup section */
		B2F86AC6154364B7006E4FF2 /* Model.xcdatamodeld */ = {
			isa = XCVersionGroup;
			children = (
				B2F86AC7154364B7006E4FF2 /* Model.xcdatamodel */,
			);
			currentVersion = B2F86AC7154364B7006E4FF2 /* Model.xcdatamodel */;
			name = Model.xcdatamodeld;
			path = ../Model.xcdatamodeld;
			sourceTree = "<group>";
			versionGroupType = wrapper.xcdatamodel;
		};
/* End XCVersionGroup section */
	};
	rootObject = B2C36D4C15430D4500B30A36 /* Project object */;
}
