// !$*UTF8*$!
{
	archiveVersion = 1;
	classes = {
	};
	objectVersion = 46;
	objects = {

/* Begin PBXBuildFile section */
		1569D57415432DDA003C5445 /* XMLReader.m in Sources */ = {isa = PBXBuildFile; fileRef = 1569D57215432DDA003C5445 /* XMLReader.m */; };
		1569D594154332E1003C5445 /* ASIAuthenticationDialog.m in Sources */ = {isa = PBXBuildFile; fileRef = 1569D57F154332E1003C5445 /* ASIAuthenticationDialog.m */; };
		1569D595154332E1003C5445 /* ASIDataCompressor.m in Sources */ = {isa = PBXBuildFile; fileRef = 1569D582154332E1003C5445 /* ASIDataCompressor.m */; };
		1569D596154332E1003C5445 /* ASIDataDecompressor.m in Sources */ = {isa = PBXBuildFile; fileRef = 1569D584154332E1003C5445 /* ASIDataDecompressor.m */; };
		1569D597154332E1003C5445 /* ASIDownloadCache.m in Sources */ = {isa = PBXBuildFile; fileRef = 1569D586154332E1003C5445 /* ASIDownloadCache.m */; };
		1569D598154332E1003C5445 /* ASIFormDataRequest.m in Sources */ = {isa = PBXBuildFile; fileRef = 1569D588154332E1003C5445 /* ASIFormDataRequest.m */; };
		1569D599154332E1003C5445 /* ASIHTTPRequest.m in Sources */ = {isa = PBXBuildFile; fileRef = 1569D58A154332E1003C5445 /* ASIHTTPRequest.m */; };
		1569D59A154332E1003C5445 /* ASIInputStream.m in Sources */ = {isa = PBXBuildFile; fileRef = 1569D58E154332E1003C5445 /* ASIInputStream.m */; };
		1569D59B154332E1003C5445 /* ASINetworkQueue.m in Sources */ = {isa = PBXBuildFile; fileRef = 1569D590154332E1003C5445 /* ASINetworkQueue.m */; };
		1569D59C154332E1003C5445 /* Reachability.m in Sources */ = {isa = PBXBuildFile; fileRef = 1569D593154332E1003C5445 /* Reachability.m */; };
		1569D59F15433319003C5445 /* CFNetwork.framework in Frameworks */ = {isa = PBXBuildFile; fileRef = 1569D59E15433319003C5445 /* CFNetwork.framework */; };
		1569D5A1154333A7003C5445 /* SystemConfiguration.framework in Frameworks */ = {isa = PBXBuildFile; fileRef = 1569D5A0154333A7003C5445 /* SystemConfiguration.framework */; };
		1569D5A3154333B1003C5445 /* MobileCoreServices.framework in Frameworks */ = {isa = PBXBuildFile; fileRef = 1569D5A2154333B1003C5445 /* MobileCoreServices.framework */; };
		1569D5A5154333C8003C5445 /* libz.dylib in Frameworks */ = {isa = PBXBuildFile; fileRef = 1569D5A4154333C8003C5445 /* libz.dylib */; };
		1569D5AC154336A3003C5445 /* WMConstants.m in Sources */ = {isa = PBXBuildFile; fileRef = 1569D5AB154336A3003C5445 /* WMConstants.m */; };
		18C2ABDB15433265002016B4 /* WMMapView.m in Sources */ = {isa = PBXBuildFile; fileRef = 18C2ABDA15433265002016B4 /* WMMapView.m */; };
		B22D35FB154330A30023A8E6 /* MapKit.framework in Frameworks */ = {isa = PBXBuildFile; fileRef = B22D35FA154330A30023A8E6 /* MapKit.framework */; };
		B2C36D5A15430D4500B30A36 /* UIKit.framework in Frameworks */ = {isa = PBXBuildFile; fileRef = B2C36D5915430D4500B30A36 /* UIKit.framework */; };
		B2C36D5C15430D4500B30A36 /* Foundation.framework in Frameworks */ = {isa = PBXBuildFile; fileRef = B2C36D5B15430D4500B30A36 /* Foundation.framework */; };
		B2C36D5E15430D4500B30A36 /* CoreGraphics.framework in Frameworks */ = {isa = PBXBuildFile; fileRef = B2C36D5D15430D4500B30A36 /* CoreGraphics.framework */; };
		B2C36D6415430D4500B30A36 /* InfoPlist.strings in Resources */ = {isa = PBXBuildFile; fileRef = B2C36D6215430D4500B30A36 /* InfoPlist.strings */; };
		B2C36D6615430D4500B30A36 /* main.m in Sources */ = {isa = PBXBuildFile; fileRef = B2C36D6515430D4500B30A36 /* main.m */; };
		B2C36D6A15430D4500B30A36 /* WMAppDelegate.m in Sources */ = {isa = PBXBuildFile; fileRef = B2C36D6915430D4500B30A36 /* WMAppDelegate.m */; };
		B2C36D6D15430D4500B30A36 /* WMMainViewController.m in Sources */ = {isa = PBXBuildFile; fileRef = B2C36D6C15430D4500B30A36 /* WMMainViewController.m */; };
		B2C36D781543251100B30A36 /* MainView.xib in Resources */ = {isa = PBXBuildFile; fileRef = B2C36D761543251100B30A36 /* MainView.xib */; };
		B2C36D801543276200B30A36 /* WMDataController.m in Sources */ = {isa = PBXBuildFile; fileRef = B2C36D7F1543276200B30A36 /* WMDataController.m */; };
		B2C36D8B1543284A00B30A36 /* WMMapViewController.m in Sources */ = {isa = PBXBuildFile; fileRef = B2C36D8A1543284A00B30A36 /* WMMapViewController.m */; };
		B2C36D8F1543286000B30A36 /* WMSubmitViewController.m in Sources */ = {isa = PBXBuildFile; fileRef = B2C36D8D1543286000B30A36 /* WMSubmitViewController.m */; };
		B2C36D901543286000B30A36 /* SubmitView.xib in Resources */ = {isa = PBXBuildFile; fileRef = B2C36D8E1543286000B30A36 /* SubmitView.xib */; };
/* End PBXBuildFile section */

/* Begin PBXFileReference section */
		1569D57215432DDA003C5445 /* XMLReader.m */ = {isa = PBXFileReference; fileEncoding = 4; lastKnownFileType = sourcecode.c.objc; path = XMLReader.m; sourceTree = "<group>"; };
		1569D57315432DDA003C5445 /* XMLReader.h */ = {isa = PBXFileReference; fileEncoding = 4; lastKnownFileType = sourcecode.c.h; path = XMLReader.h; sourceTree = "<group>"; };
		1569D57E154332E1003C5445 /* ASIAuthenticationDialog.h */ = {isa = PBXFileReference; fileEncoding = 4; lastKnownFileType = sourcecode.c.h; path = ASIAuthenticationDialog.h; sourceTree = "<group>"; };
		1569D57F154332E1003C5445 /* ASIAuthenticationDialog.m */ = {isa = PBXFileReference; fileEncoding = 4; lastKnownFileType = sourcecode.c.objc; path = ASIAuthenticationDialog.m; sourceTree = "<group>"; };
		1569D580154332E1003C5445 /* ASICacheDelegate.h */ = {isa = PBXFileReference; fileEncoding = 4; lastKnownFileType = sourcecode.c.h; path = ASICacheDelegate.h; sourceTree = "<group>"; };
		1569D581154332E1003C5445 /* ASIDataCompressor.h */ = {isa = PBXFileReference; fileEncoding = 4; lastKnownFileType = sourcecode.c.h; path = ASIDataCompressor.h; sourceTree = "<group>"; };
		1569D582154332E1003C5445 /* ASIDataCompressor.m */ = {isa = PBXFileReference; fileEncoding = 4; lastKnownFileType = sourcecode.c.objc; path = ASIDataCompressor.m; sourceTree = "<group>"; };
		1569D583154332E1003C5445 /* ASIDataDecompressor.h */ = {isa = PBXFileReference; fileEncoding = 4; lastKnownFileType = sourcecode.c.h; path = ASIDataDecompressor.h; sourceTree = "<group>"; };
		1569D584154332E1003C5445 /* ASIDataDecompressor.m */ = {isa = PBXFileReference; fileEncoding = 4; lastKnownFileType = sourcecode.c.objc; path = ASIDataDecompressor.m; sourceTree = "<group>"; };
		1569D585154332E1003C5445 /* ASIDownloadCache.h */ = {isa = PBXFileReference; fileEncoding = 4; lastKnownFileType = sourcecode.c.h; path = ASIDownloadCache.h; sourceTree = "<group>"; };
		1569D586154332E1003C5445 /* ASIDownloadCache.m */ = {isa = PBXFileReference; fileEncoding = 4; lastKnownFileType = sourcecode.c.objc; path = ASIDownloadCache.m; sourceTree = "<group>"; };
		1569D587154332E1003C5445 /* ASIFormDataRequest.h */ = {isa = PBXFileReference; fileEncoding = 4; lastKnownFileType = sourcecode.c.h; path = ASIFormDataRequest.h; sourceTree = "<group>"; };
		1569D588154332E1003C5445 /* ASIFormDataRequest.m */ = {isa = PBXFileReference; fileEncoding = 4; lastKnownFileType = sourcecode.c.objc; path = ASIFormDataRequest.m; sourceTree = "<group>"; };
		1569D589154332E1003C5445 /* ASIHTTPRequest.h */ = {isa = PBXFileReference; fileEncoding = 4; lastKnownFileType = sourcecode.c.h; path = ASIHTTPRequest.h; sourceTree = "<group>"; };
		1569D58A154332E1003C5445 /* ASIHTTPRequest.m */ = {isa = PBXFileReference; fileEncoding = 4; lastKnownFileType = sourcecode.c.objc; path = ASIHTTPRequest.m; sourceTree = "<group>"; };
		1569D58B154332E1003C5445 /* ASIHTTPRequestConfig.h */ = {isa = PBXFileReference; fileEncoding = 4; lastKnownFileType = sourcecode.c.h; path = ASIHTTPRequestConfig.h; sourceTree = "<group>"; };
		1569D58C154332E1003C5445 /* ASIHTTPRequestDelegate.h */ = {isa = PBXFileReference; fileEncoding = 4; lastKnownFileType = sourcecode.c.h; path = ASIHTTPRequestDelegate.h; sourceTree = "<group>"; };
		1569D58D154332E1003C5445 /* ASIInputStream.h */ = {isa = PBXFileReference; fileEncoding = 4; lastKnownFileType = sourcecode.c.h; path = ASIInputStream.h; sourceTree = "<group>"; };
		1569D58E154332E1003C5445 /* ASIInputStream.m */ = {isa = PBXFileReference; fileEncoding = 4; lastKnownFileType = sourcecode.c.objc; path = ASIInputStream.m; sourceTree = "<group>"; };
		1569D58F154332E1003C5445 /* ASINetworkQueue.h */ = {isa = PBXFileReference; fileEncoding = 4; lastKnownFileType = sourcecode.c.h; path = ASINetworkQueue.h; sourceTree = "<group>"; };
		1569D590154332E1003C5445 /* ASINetworkQueue.m */ = {isa = PBXFileReference; fileEncoding = 4; lastKnownFileType = sourcecode.c.objc; path = ASINetworkQueue.m; sourceTree = "<group>"; };
		1569D591154332E1003C5445 /* ASIProgressDelegate.h */ = {isa = PBXFileReference; fileEncoding = 4; lastKnownFileType = sourcecode.c.h; path = ASIProgressDelegate.h; sourceTree = "<group>"; };
		1569D592154332E1003C5445 /* Reachability.h */ = {isa = PBXFileReference; fileEncoding = 4; lastKnownFileType = sourcecode.c.h; path = Reachability.h; sourceTree = "<group>"; };
		1569D593154332E1003C5445 /* Reachability.m */ = {isa = PBXFileReference; fileEncoding = 4; lastKnownFileType = sourcecode.c.objc; path = Reachability.m; sourceTree = "<group>"; };
		1569D59E15433319003C5445 /* CFNetwork.framework */ = {isa = PBXFileReference; lastKnownFileType = wrapper.framework; name = CFNetwork.framework; path = System/Library/Frameworks/CFNetwork.framework; sourceTree = SDKROOT; };
		1569D5A0154333A7003C5445 /* SystemConfiguration.framework */ = {isa = PBXFileReference; lastKnownFileType = wrapper.framework; name = SystemConfiguration.framework; path = System/Library/Frameworks/SystemConfiguration.framework; sourceTree = SDKROOT; };
		1569D5A2154333B1003C5445 /* MobileCoreServices.framework */ = {isa = PBXFileReference; lastKnownFileType = wrapper.framework; name = MobileCoreServices.framework; path = System/Library/Frameworks/MobileCoreServices.framework; sourceTree = SDKROOT; };
		1569D5A4154333C8003C5445 /* libz.dylib */ = {isa = PBXFileReference; lastKnownFileType = "compiled.mach-o.dylib"; name = libz.dylib; path = usr/lib/libz.dylib; sourceTree = SDKROOT; };
		1569D5AA154336A3003C5445 /* WMConstants.h */ = {isa = PBXFileReference; fileEncoding = 4; lastKnownFileType = sourcecode.c.h; path = WMConstants.h; sourceTree = "<group>"; };
		1569D5AB154336A3003C5445 /* WMConstants.m */ = {isa = PBXFileReference; fileEncoding = 4; lastKnownFileType = sourcecode.c.objc; path = WMConstants.m; sourceTree = "<group>"; };
		18C2ABD915433265002016B4 /* WMMapView.h */ = {isa = PBXFileReference; fileEncoding = 4; lastKnownFileType = sourcecode.c.h; path = WMMapView.h; sourceTree = "<group>"; };
		18C2ABDA15433265002016B4 /* WMMapView.m */ = {isa = PBXFileReference; fileEncoding = 4; lastKnownFileType = sourcecode.c.objc; path = WMMapView.m; sourceTree = "<group>"; };
		B22D35FA154330A30023A8E6 /* MapKit.framework */ = {isa = PBXFileReference; lastKnownFileType = wrapper.framework; name = MapKit.framework; path = System/Library/Frameworks/MapKit.framework; sourceTree = SDKROOT; };
		B2C36D5515430D4500B30A36 /* WiFi Map Social.app */ = {isa = PBXFileReference; explicitFileType = wrapper.application; includeInIndex = 0; path = "WiFi Map Social.app"; sourceTree = BUILT_PRODUCTS_DIR; };
		B2C36D5915430D4500B30A36 /* UIKit.framework */ = {isa = PBXFileReference; lastKnownFileType = wrapper.framework; name = UIKit.framework; path = System/Library/Frameworks/UIKit.framework; sourceTree = SDKROOT; };
		B2C36D5B15430D4500B30A36 /* Foundation.framework */ = {isa = PBXFileReference; lastKnownFileType = wrapper.framework; name = Foundation.framework; path = System/Library/Frameworks/Foundation.framework; sourceTree = SDKROOT; };
		B2C36D5D15430D4500B30A36 /* CoreGraphics.framework */ = {isa = PBXFileReference; lastKnownFileType = wrapper.framework; name = CoreGraphics.framework; path = System/Library/Frameworks/CoreGraphics.framework; sourceTree = SDKROOT; };
		B2C36D6115430D4500B30A36 /* WiFi Map Social-Info.plist */ = {isa = PBXFileReference; lastKnownFileType = text.plist.xml; path = "WiFi Map Social-Info.plist"; sourceTree = "<group>"; };
		B2C36D6315430D4500B30A36 /* en */ = {isa = PBXFileReference; lastKnownFileType = text.plist.strings; name = en; path = en.lproj/InfoPlist.strings; sourceTree = "<group>"; };
		B2C36D6515430D4500B30A36 /* main.m */ = {isa = PBXFileReference; lastKnownFileType = sourcecode.c.objc; path = main.m; sourceTree = "<group>"; };
		B2C36D6715430D4500B30A36 /* WiFi Map Social-Prefix.pch */ = {isa = PBXFileReference; lastKnownFileType = sourcecode.c.h; path = "WiFi Map Social-Prefix.pch"; sourceTree = "<group>"; };
		B2C36D6815430D4500B30A36 /* WMAppDelegate.h */ = {isa = PBXFileReference; lastKnownFileType = sourcecode.c.h; path = WMAppDelegate.h; sourceTree = "<group>"; };
		B2C36D6915430D4500B30A36 /* WMAppDelegate.m */ = {isa = PBXFileReference; lastKnownFileType = sourcecode.c.objc; path = WMAppDelegate.m; sourceTree = "<group>"; };
		B2C36D6B15430D4500B30A36 /* WMMainViewController.h */ = {isa = PBXFileReference; lastKnownFileType = sourcecode.c.h; path = WMMainViewController.h; sourceTree = "<group>"; };
		B2C36D6C15430D4500B30A36 /* WMMainViewController.m */ = {isa = PBXFileReference; lastKnownFileType = sourcecode.c.objc; path = WMMainViewController.m; sourceTree = "<group>"; };
		B2C36D771543251100B30A36 /* en */ = {isa = PBXFileReference; lastKnownFileType = file.xib; name = en; path = en.lproj/MainView.xib; sourceTree = "<group>"; };
		B2C36D7E1543276200B30A36 /* WMDataController.h */ = {isa = PBXFileReference; fileEncoding = 4; lastKnownFileType = sourcecode.c.h; path = WMDataController.h; sourceTree = "<group>"; };
		B2C36D7F1543276200B30A36 /* WMDataController.m */ = {isa = PBXFileReference; fileEncoding = 4; lastKnownFileType = sourcecode.c.objc; path = WMDataController.m; sourceTree = "<group>"; };
		B2C36D891543284A00B30A36 /* WMMapViewController.h */ = {isa = PBXFileReference; fileEncoding = 4; lastKnownFileType = sourcecode.c.h; path = WMMapViewController.h; sourceTree = "<group>"; };
		B2C36D8A1543284A00B30A36 /* WMMapViewController.m */ = {isa = PBXFileReference; fileEncoding = 4; lastKnownFileType = sourcecode.c.objc; path = WMMapViewController.m; sourceTree = "<group>"; };
		B2C36D8C1543286000B30A36 /* WMSubmitViewController.h */ = {isa = PBXFileReference; fileEncoding = 4; lastKnownFileType = sourcecode.c.h; path = WMSubmitViewController.h; sourceTree = "<group>"; };
		B2C36D8D1543286000B30A36 /* WMSubmitViewController.m */ = {isa = PBXFileReference; fileEncoding = 4; lastKnownFileType = sourcecode.c.objc; path = WMSubmitViewController.m; sourceTree = "<group>"; };
		B2C36D8E1543286000B30A36 /* SubmitView.xib */ = {isa = PBXFileReference; fileEncoding = 4; lastKnownFileType = file.xib; path = SubmitView.xib; sourceTree = "<group>"; };
/* End PBXFileReference section */

/* Begin PBXFrameworksBuildPhase section */
		B2C36D5215430D4500B30A36 /* Frameworks */ = {
			isa = PBXFrameworksBuildPhase;
			buildActionMask = 2147483647;
			files = (
				1569D5A5154333C8003C5445 /* libz.dylib in Frameworks */,
				1569D5A3154333B1003C5445 /* MobileCoreServices.framework in Frameworks */,
				1569D5A1154333A7003C5445 /* SystemConfiguration.framework in Frameworks */,
				1569D59F15433319003C5445 /* CFNetwork.framework in Frameworks */,
				B22D35FB154330A30023A8E6 /* MapKit.framework in Frameworks */,
				B2C36D5A15430D4500B30A36 /* UIKit.framework in Frameworks */,
				B2C36D5C15430D4500B30A36 /* Foundation.framework in Frameworks */,
				B2C36D5E15430D4500B30A36 /* CoreGraphics.framework in Frameworks */,
			);
			runOnlyForDeploymentPostprocessing = 0;
		};
/* End PBXFrameworksBuildPhase section */

/* Begin PBXGroup section */
		1569D54815432D06003C5445 /* models */ = {
			isa = PBXGroup;
			children = (
				1569D57D154332E1003C5445 /* ASIHTTPRequest */,
				B2C36D6815430D4500B30A36 /* WMAppDelegate.h */,
				B2C36D6915430D4500B30A36 /* WMAppDelegate.m */,
			);
			name = models;
			sourceTree = "<group>";
		};
		1569D54A15432D13003C5445 /* views */ = {
			isa = PBXGroup;
			children = (
			);
			name = views;
			sourceTree = "<group>";
		};
		1569D54B15432D1A003C5445 /* utilities */ = {
			isa = PBXGroup;
			children = (
				1569D57315432DDA003C5445 /* XMLReader.h */,
				1569D57215432DDA003C5445 /* XMLReader.m */,
			);
			name = utilities;
			sourceTree = "<group>";
		};
		1569D54C15432D23003C5445 /* controllers */ = {
			isa = PBXGroup;
			children = (
				B2C36D79154325D900B30A36 /* MainViewController */,
				B2C36D7A1543269400B30A36 /* DataController */,
				B2C36D7C154326B200B30A36 /* MapController */,
				B2C36D7B154326A300B30A36 /* SubmitController */,
			);
			name = controllers;
			sourceTree = "<group>";
		};
		1569D57D154332E1003C5445 /* ASIHTTPRequest */ = {
			isa = PBXGroup;
			children = (
				1569D57E154332E1003C5445 /* ASIAuthenticationDialog.h */,
				1569D57F154332E1003C5445 /* ASIAuthenticationDialog.m */,
				1569D580154332E1003C5445 /* ASICacheDelegate.h */,
				1569D581154332E1003C5445 /* ASIDataCompressor.h */,
				1569D582154332E1003C5445 /* ASIDataCompressor.m */,
				1569D583154332E1003C5445 /* ASIDataDecompressor.h */,
				1569D584154332E1003C5445 /* ASIDataDecompressor.m */,
				1569D585154332E1003C5445 /* ASIDownloadCache.h */,
				1569D586154332E1003C5445 /* ASIDownloadCache.m */,
				1569D587154332E1003C5445 /* ASIFormDataRequest.h */,
				1569D588154332E1003C5445 /* ASIFormDataRequest.m */,
				1569D589154332E1003C5445 /* ASIHTTPRequest.h */,
				1569D58A154332E1003C5445 /* ASIHTTPRequest.m */,
				1569D58B154332E1003C5445 /* ASIHTTPRequestConfig.h */,
				1569D58C154332E1003C5445 /* ASIHTTPRequestDelegate.h */,
				1569D58D154332E1003C5445 /* ASIInputStream.h */,
				1569D58E154332E1003C5445 /* ASIInputStream.m */,
				1569D58F154332E1003C5445 /* ASINetworkQueue.h */,
				1569D590154332E1003C5445 /* ASINetworkQueue.m */,
				1569D591154332E1003C5445 /* ASIProgressDelegate.h */,
				1569D592154332E1003C5445 /* Reachability.h */,
				1569D593154332E1003C5445 /* Reachability.m */,
			);
			path = ASIHTTPRequest;
			sourceTree = "<group>";
		};
		B2C36D4A15430D4500B30A36 = {
			isa = PBXGroup;
			children = (
				1569D5A4154333C8003C5445 /* libz.dylib */,
				B2C36D5F15430D4500B30A36 /* WiFi Map Social */,
				B2C36D5815430D4500B30A36 /* Frameworks */,
				B2C36D5615430D4500B30A36 /* Products */,
			);
			sourceTree = "<group>";
		};
		B2C36D5615430D4500B30A36 /* Products */ = {
			isa = PBXGroup;
			children = (
				B2C36D5515430D4500B30A36 /* WiFi Map Social.app */,
			);
			name = Products;
			sourceTree = "<group>";
		};
		B2C36D5815430D4500B30A36 /* Frameworks */ = {
			isa = PBXGroup;
			children = (
				1569D5A2154333B1003C5445 /* MobileCoreServices.framework */,
				1569D5A0154333A7003C5445 /* SystemConfiguration.framework */,
				1569D59E15433319003C5445 /* CFNetwork.framework */,
				B22D35FA154330A30023A8E6 /* MapKit.framework */,
				B2C36D5915430D4500B30A36 /* UIKit.framework */,
				B2C36D5B15430D4500B30A36 /* Foundation.framework */,
				B2C36D5D15430D4500B30A36 /* CoreGraphics.framework */,
			);
			name = Frameworks;
			sourceTree = "<group>";
		};
		B2C36D5F15430D4500B30A36 /* WiFi Map Social */ = {
			isa = PBXGroup;
			children = (
				B2C36D7D154326CA00B30A36 /* Classes */,
				B2C36D6015430D4500B30A36 /* Supporting Files */,
			);
			path = "WiFi Map Social";
			sourceTree = "<group>";
		};
		B2C36D6015430D4500B30A36 /* Supporting Files */ = {
			isa = PBXGroup;
			children = (
				B2C36D6115430D4500B30A36 /* WiFi Map Social-Info.plist */,
				B2C36D6215430D4500B30A36 /* InfoPlist.strings */,
				B2C36D6515430D4500B30A36 /* main.m */,
				B2C36D6715430D4500B30A36 /* WiFi Map Social-Prefix.pch */,
				1569D5AA154336A3003C5445 /* WMConstants.h */,
				1569D5AB154336A3003C5445 /* WMConstants.m */,
			);
			name = "Supporting Files";
			sourceTree = "<group>";
		};
		B2C36D79154325D900B30A36 /* MainViewController */ = {
			isa = PBXGroup;
			children = (
				B2C36D6B15430D4500B30A36 /* WMMainViewController.h */,
				B2C36D6C15430D4500B30A36 /* WMMainViewController.m */,
				B2C36D761543251100B30A36 /* MainView.xib */,
			);
			name = MainViewController;
			sourceTree = "<group>";
		};
		B2C36D7A1543269400B30A36 /* DataController */ = {
			isa = PBXGroup;
			children = (
				B2C36D7E1543276200B30A36 /* WMDataController.h */,
				B2C36D7F1543276200B30A36 /* WMDataController.m */,
			);
			name = DataController;
			sourceTree = "<group>";
		};
		B2C36D7B154326A300B30A36 /* SubmitController */ = {
			isa = PBXGroup;
			children = (
				B2C36D8C1543286000B30A36 /* WMSubmitViewController.h */,
				B2C36D8D1543286000B30A36 /* WMSubmitViewController.m */,
				B2C36D8E1543286000B30A36 /* SubmitView.xib */,
			);
			name = SubmitController;
			sourceTree = "<group>";
		};
		B2C36D7C154326B200B30A36 /* MapController */ = {
			isa = PBXGroup;
			children = (
				B2C36D891543284A00B30A36 /* WMMapViewController.h */,
				B2C36D8A1543284A00B30A36 /* WMMapViewController.m */,
				18C2ABD915433265002016B4 /* WMMapView.h */,
				18C2ABDA15433265002016B4 /* WMMapView.m */,
			);
			name = MapController;
			sourceTree = "<group>";
		};
		B2C36D7D154326CA00B30A36 /* Classes */ = {
			isa = PBXGroup;
			children = (
				1569D54815432D06003C5445 /* models */,
				1569D54A15432D13003C5445 /* views */,
				1569D54C15432D23003C5445 /* controllers */,
				1569D54B15432D1A003C5445 /* utilities */,
			);
			name = Classes;
			sourceTree = "<group>";
		};
/* End PBXGroup section */

/* Begin PBXNativeTarget section */
		B2C36D5415430D4500B30A36 /* WiFi Map Social */ = {
			isa = PBXNativeTarget;
			buildConfigurationList = B2C36D7315430D4500B30A36 /* Build configuration list for PBXNativeTarget "WiFi Map Social" */;
			buildPhases = (
				B2C36D5115430D4500B30A36 /* Sources */,
				B2C36D5215430D4500B30A36 /* Frameworks */,
				B2C36D5315430D4500B30A36 /* Resources */,
			);
			buildRules = (
			);
			dependencies = (
			);
			name = "WiFi Map Social";
			productName = "WiFi Map Social";
			productReference = B2C36D5515430D4500B30A36 /* WiFi Map Social.app */;
			productType = "com.apple.product-type.application";
		};
/* End PBXNativeTarget section */

/* Begin PBXProject section */
		B2C36D4C15430D4500B30A36 /* Project object */ = {
			isa = PBXProject;
			attributes = {
				CLASSPREFIX = WM;
				LastUpgradeCheck = 0430;
			};
			buildConfigurationList = B2C36D4F15430D4500B30A36 /* Build configuration list for PBXProject "WiFi Map Social" */;
			compatibilityVersion = "Xcode 3.2";
			developmentRegion = English;
			hasScannedForEncodings = 0;
			knownRegions = (
				en,
			);
			mainGroup = B2C36D4A15430D4500B30A36;
			productRefGroup = B2C36D5615430D4500B30A36 /* Products */;
			projectDirPath = "";
			projectRoot = "";
			targets = (
				B2C36D5415430D4500B30A36 /* WiFi Map Social */,
			);
		};
/* End PBXProject section */

/* Begin PBXResourcesBuildPhase section */
		B2C36D5315430D4500B30A36 /* Resources */ = {
			isa = PBXResourcesBuildPhase;
			buildActionMask = 2147483647;
			files = (
				B2C36D6415430D4500B30A36 /* InfoPlist.strings in Resources */,
				B2C36D781543251100B30A36 /* MainView.xib in Resources */,
				B2C36D901543286000B30A36 /* SubmitView.xib in Resources */,
			);
			runOnlyForDeploymentPostprocessing = 0;
		};
/* End PBXResourcesBuildPhase section */

/* Begin PBXSourcesBuildPhase section */
		B2C36D5115430D4500B30A36 /* Sources */ = {
			isa = PBXSourcesBuildPhase;
			buildActionMask = 2147483647;
			files = (
				B2C36D6615430D4500B30A36 /* main.m in Sources */,
				B2C36D6A15430D4500B30A36 /* WMAppDelegate.m in Sources */,
				B2C36D6D15430D4500B30A36 /* WMMainViewController.m in Sources */,
				B2C36D801543276200B30A36 /* WMDataController.m in Sources */,
				B2C36D8B1543284A00B30A36 /* WMMapViewController.m in Sources */,
				B2C36D8F1543286000B30A36 /* WMSubmitViewController.m in Sources */,
				1569D57415432DDA003C5445 /* XMLReader.m in Sources */,
				1569D594154332E1003C5445 /* ASIAuthenticationDialog.m in Sources */,
				1569D595154332E1003C5445 /* ASIDataCompressor.m in Sources */,
				1569D596154332E1003C5445 /* ASIDataDecompressor.m in Sources */,
				1569D597154332E1003C5445 /* ASIDownloadCache.m in Sources */,
				1569D598154332E1003C5445 /* ASIFormDataRequest.m in Sources */,
				1569D599154332E1003C5445 /* ASIHTTPRequest.m in Sources */,
				1569D59A154332E1003C5445 /* ASIInputStream.m in Sources */,
				1569D59B154332E1003C5445 /* ASINetworkQueue.m in Sources */,
				1569D59C154332E1003C5445 /* Reachability.m in Sources */,
				18C2ABDB15433265002016B4 /* WMMapView.m in Sources */,
				1569D5AC154336A3003C5445 /* WMConstants.m in Sources */,
			);
			runOnlyForDeploymentPostprocessing = 0;
		};
/* End PBXSourcesBuildPhase section */

/* Begin PBXVariantGroup section */
		B2C36D6215430D4500B30A36 /* InfoPlist.strings */ = {
			isa = PBXVariantGroup;
			children = (
				B2C36D6315430D4500B30A36 /* en */,
			);
			name = InfoPlist.strings;
			sourceTree = "<group>";
		};
		B2C36D761543251100B30A36 /* MainView.xib */ = {
			isa = PBXVariantGroup;
			children = (
				B2C36D771543251100B30A36 /* en */,
			);
			name = MainView.xib;
			sourceTree = "<group>";
		};
/* End PBXVariantGroup section */

/* Begin XCBuildConfiguration section */
		B2C36D7115430D4500B30A36 /* Debug */ = {
			isa = XCBuildConfiguration;
			buildSettings = {
				ALWAYS_SEARCH_USER_PATHS = NO;
				ARCHS = "$(ARCHS_STANDARD_32_BIT)";
				"CODE_SIGN_IDENTITY[sdk=iphoneos*]" = "iPhone Developer";
				COPY_PHASE_STRIP = NO;
				GCC_C_LANGUAGE_STANDARD = gnu99;
				GCC_DYNAMIC_NO_PIC = NO;
				GCC_OPTIMIZATION_LEVEL = 0;
				GCC_PREPROCESSOR_DEFINITIONS = (
					"DEBUG=1",
					"$(inherited)",
				);
				GCC_SYMBOLS_PRIVATE_EXTERN = NO;
				GCC_VERSION = com.apple.compilers.llvm.clang.1_0;
				GCC_WARN_ABOUT_RETURN_TYPE = YES;
				GCC_WARN_UNINITIALIZED_AUTOS = YES;
				GCC_WARN_UNUSED_VARIABLE = YES;
				IPHONEOS_DEPLOYMENT_TARGET = 5.1;
				SDKROOT = iphoneos;
			};
			name = Debug;
		};
		B2C36D7215430D4500B30A36 /* Release */ = {
			isa = XCBuildConfiguration;
			buildSettings = {
				ALWAYS_SEARCH_USER_PATHS = NO;
				ARCHS = "$(ARCHS_STANDARD_32_BIT)";
				"CODE_SIGN_IDENTITY[sdk=iphoneos*]" = "iPhone Developer";
				COPY_PHASE_STRIP = YES;
				GCC_C_LANGUAGE_STANDARD = gnu99;
				GCC_VERSION = com.apple.compilers.llvm.clang.1_0;
				GCC_WARN_ABOUT_RETURN_TYPE = YES;
				GCC_WARN_UNINITIALIZED_AUTOS = YES;
				GCC_WARN_UNUSED_VARIABLE = YES;
				IPHONEOS_DEPLOYMENT_TARGET = 5.1;
				OTHER_CFLAGS = "-DNS_BLOCK_ASSERTIONS=1";
				SDKROOT = iphoneos;
				VALIDATE_PRODUCT = YES;
			};
			name = Release;
		};
		B2C36D7415430D4500B30A36 /* Debug */ = {
			isa = XCBuildConfiguration;
			buildSettings = {
				GCC_PRECOMPILE_PREFIX_HEADER = YES;
				GCC_PREFIX_HEADER = "WiFi Map Social/WiFi Map Social-Prefix.pch";
				INFOPLIST_FILE = "WiFi Map Social/WiFi Map Social-Info.plist";
				PRODUCT_NAME = "$(TARGET_NAME)";
				WRAPPER_EXTENSION = app;
			};
			name = Debug;
		};
		B2C36D7515430D4500B30A36 /* Release */ = {
			isa = XCBuildConfiguration;
			buildSettings = {
				GCC_PRECOMPILE_PREFIX_HEADER = YES;
				GCC_PREFIX_HEADER = "WiFi Map Social/WiFi Map Social-Prefix.pch";
				INFOPLIST_FILE = "WiFi Map Social/WiFi Map Social-Info.plist";
				PRODUCT_NAME = "$(TARGET_NAME)";
				WRAPPER_EXTENSION = app;
			};
			name = Release;
		};
/* End XCBuildConfiguration section */

/* Begin XCConfigurationList section */
		B2C36D4F15430D4500B30A36 /* Build configuration list for PBXProject "WiFi Map Social" */ = {
			isa = XCConfigurationList;
			buildConfigurations = (
				B2C36D7115430D4500B30A36 /* Debug */,
				B2C36D7215430D4500B30A36 /* Release */,
			);
			defaultConfigurationIsVisible = 0;
			defaultConfigurationName = Release;
		};
		B2C36D7315430D4500B30A36 /* Build configuration list for PBXNativeTarget "WiFi Map Social" */ = {
			isa = XCConfigurationList;
			buildConfigurations = (
				B2C36D7415430D4500B30A36 /* Debug */,
				B2C36D7515430D4500B30A36 /* Release */,
			);
			defaultConfigurationIsVisible = 0;
			defaultConfigurationName = Release;
		};
/* End XCConfigurationList section */
	};
	rootObject = B2C36D4C15430D4500B30A36 /* Project object */;
}
